
Microsoft Visual Studio Solution File, Format Version 12.00
# Visual Studio 14
VisualStudioVersion = 14.0.23107.0
MinimumVisualStudioVersion = 10.0.40219.1
Project("{FAE04EC0-301F-11D3-BF4B-00C04F79EFBC}") = "KillerWearsPrada", "KillerWearsPrada\KillerWearsPrada.csproj", "{C46FAFB1-7165-4411-B23D-373A1A7FD239}"
EndProject
Project("{2150E333-8FDC-42A3-9474-1A3956D46DE8}") = "DB_Test", "DB_Test", "{6FCC341C-3CA7-4690-97AA-273F1A10B41E}"
	ProjectSection(SolutionItems) = preProject
		KillerWearsPrada\DB_Test\KWP_DB_Test.ldb = KillerWearsPrada\DB_Test\KWP_DB_Test.ldb
		KillerWearsPrada\DB_Test\KWP_DB_Test.mdb = KillerWearsPrada\DB_Test\KWP_DB_Test.mdb
	EndProjectSection
EndProject
Project("{2150E333-8FDC-42A3-9474-1A3956D46DE8}") = "Images", "Images", "{5622C086-9192-499D-AC42-B464C38C38E6}"
	ProjectSection(SolutionItems) = preProject
		KillerWearsPrada\Images\Application_Start.png = KillerWearsPrada\Images\Application_Start.png
		KillerWearsPrada\Images\bedroom1.jpg = KillerWearsPrada\Images\bedroom1.jpg
		KillerWearsPrada\Images\blood_knife.jpg = KillerWearsPrada\Images\blood_knife.jpg
		KillerWearsPrada\Images\crime-scene-silhouette.jpg = KillerWearsPrada\Images\crime-scene-silhouette.jpg
		KillerWearsPrada\Images\doorCENTERdisabled.png = KillerWearsPrada\Images\doorCENTERdisabled.png
		KillerWearsPrada\Images\doorCENTERok.png = KillerWearsPrada\Images\doorCENTERok.png
		KillerWearsPrada\Images\doorDXdisabled.png = KillerWearsPrada\Images\doorDXdisabled.png
		KillerWearsPrada\Images\doorDXok.png = KillerWearsPrada\Images\doorDXok.png
		KillerWearsPrada\Images\doors3empty1.jpg = KillerWearsPrada\Images\doors3empty1.jpg
		KillerWearsPrada\Images\doorSXdisabled.png = KillerWearsPrada\Images\doorSXdisabled.png
		KillerWearsPrada\Images\doorSXok.png = KillerWearsPrada\Images\doorSXok.png
		KillerWearsPrada\Images\grey4.jpg = KillerWearsPrada\Images\grey4.jpg
		KillerWearsPrada\Images\hat_1meleOk.png = KillerWearsPrada\Images\hat_1meleOk.png
		KillerWearsPrada\Images\hat_2tablebluOk.png = KillerWearsPrada\Images\hat_2tablebluOk.png
		KillerWearsPrada\Images\hat_3tablewhiteOk.png = KillerWearsPrada\Images\hat_3tablewhiteOk.png
		KillerWearsPrada\Images\hat_4marmoOk.png = KillerWearsPrada\Images\hat_4marmoOk.png
		KillerWearsPrada\Images\hat_5antaOk.png = KillerWearsPrada\Images\hat_5antaOk.png
		KillerWearsPrada\Images\hat_6sediaOk.png = KillerWearsPrada\Images\hat_6sediaOk.png
		KillerWearsPrada\Images\Investigation.jpg = KillerWearsPrada\Images\Investigation.jpg
		KillerWearsPrada\Images\kitchen1.jpg = KillerWearsPrada\Images\kitchen1.jpg
		KillerWearsPrada\Images\livingroom1.jpg = KillerWearsPrada\Images\livingroom1.jpg
		KillerWearsPrada\Images\panta_1divanoOk.png = KillerWearsPrada\Images\panta_1divanoOk.png
		KillerWearsPrada\Images\panta_3tableOk.png = KillerWearsPrada\Images\panta_3tableOk.png
		KillerWearsPrada\Images\pergamena1.png = KillerWearsPrada\Images\pergamena1.png
		KillerWearsPrada\Images\shirt_3bedOk.png = KillerWearsPrada\Images\shirt_3bedOk.png
		KillerWearsPrada\Images\shirt_4armadiofuoriOk.png = KillerWearsPrada\Images\shirt_4armadiofuoriOk.png
		KillerWearsPrada\Images\sok.png = KillerWearsPrada\Images\sok.png
		KillerWearsPrada\Images\start.png = KillerWearsPrada\Images\start.png
		KillerWearsPrada\Images\startover.png = KillerWearsPrada\Images\startover.png
		KillerWearsPrada\Images\startpressed.png = KillerWearsPrada\Images\startpressed.png
		KillerWearsPrada\Images\trashEmpty.png = KillerWearsPrada\Images\trashEmpty.png
		KillerWearsPrada\Images\trashFull1.png = KillerWearsPrada\Images\trashFull1.png
		KillerWearsPrada\Images\welcome0.png = KillerWearsPrada\Images\welcome0.png
	EndProjectSection
EndProject
Project("{2150E333-8FDC-42A3-9474-1A3956D46DE8}") = "textures", "textures", "{71D66EBD-2ED8-4FF8-AAF4-CA21BDD5CA19}"
	ProjectSection(SolutionItems) = preProject
		KillerWearsPrada\Images\textures\black.jpg = KillerWearsPrada\Images\textures\black.jpg
		KillerWearsPrada\Images\textures\blueTartan.jpg = KillerWearsPrada\Images\textures\blueTartan.jpg
		KillerWearsPrada\Images\textures\darkBlue.jpg = KillerWearsPrada\Images\textures\darkBlue.jpg
		KillerWearsPrada\Images\textures\darkBrown.jpg = KillerWearsPrada\Images\textures\darkBrown.jpg
		KillerWearsPrada\Images\textures\darkGreen.jpg = KillerWearsPrada\Images\textures\darkGreen.jpg
		KillerWearsPrada\Images\textures\darkRed.jpg = KillerWearsPrada\Images\textures\darkRed.jpg
		KillerWearsPrada\Images\textures\flowersBlack.png = KillerWearsPrada\Images\textures\flowersBlack.png
		KillerWearsPrada\Images\textures\flowersBlueDark.png = KillerWearsPrada\Images\textures\flowersBlueDark.png
		KillerWearsPrada\Images\textures\flowersBlueLight.png = KillerWearsPrada\Images\textures\flowersBlueLight.png
		KillerWearsPrada\Images\textures\flowersBrownDark.png = KillerWearsPrada\Images\textures\flowersBrownDark.png
		KillerWearsPrada\Images\textures\flowersBrownLight.png = KillerWearsPrada\Images\textures\flowersBrownLight.png
		KillerWearsPrada\Images\textures\flowersGreenDark .png = KillerWearsPrada\Images\textures\flowersGreenDark .png
		KillerWearsPrada\Images\textures\flowersGreenDark.png = KillerWearsPrada\Images\textures\flowersGreenDark.png
		KillerWearsPrada\Images\textures\flowersGreenLight.png = KillerWearsPrada\Images\textures\flowersGreenLight.png
		KillerWearsPrada\Images\textures\flowersPurpleDark.png = KillerWearsPrada\Images\textures\flowersPurpleDark.png
		KillerWearsPrada\Images\textures\flowersPurpleLight.png = KillerWearsPrada\Images\textures\flowersPurpleLight.png
		KillerWearsPrada\Images\textures\flowersRedDark.png = KillerWearsPrada\Images\textures\flowersRedDark.png
		KillerWearsPrada\Images\textures\flowersRedLight.png = KillerWearsPrada\Images\textures\flowersRedLight.png
		KillerWearsPrada\Images\textures\flowersWhite.png = KillerWearsPrada\Images\textures\flowersWhite.png
		KillerWearsPrada\Images\textures\flowersYellowDark.png = KillerWearsPrada\Images\textures\flowersYellowDark.png
		KillerWearsPrada\Images\textures\flowersYellowLight.png = KillerWearsPrada\Images\textures\flowersYellowLight.png
		KillerWearsPrada\Images\textures\lightBlue.jpg = KillerWearsPrada\Images\textures\lightBlue.jpg
		KillerWearsPrada\Images\textures\lightBrown.jpg = KillerWearsPrada\Images\textures\lightBrown.jpg
		KillerWearsPrada\Images\textures\lightGreen.jpg = KillerWearsPrada\Images\textures\lightGreen.jpg
		KillerWearsPrada\Images\textures\poisBlack.jpg = KillerWearsPrada\Images\textures\poisBlack.jpg
		KillerWearsPrada\Images\textures\poisBlueLight.jpg = KillerWearsPrada\Images\textures\poisBlueLight.jpg
		KillerWearsPrada\Images\textures\poisBrownDark.jpg = KillerWearsPrada\Images\textures\poisBrownDark.jpg
		KillerWearsPrada\Images\textures\poisBrownLight.jpg = KillerWearsPrada\Images\textures\poisBrownLight.jpg
		KillerWearsPrada\Images\textures\poisDarkBlue.jpg = KillerWearsPrada\Images\textures\poisDarkBlue.jpg
		KillerWearsPrada\Images\textures\poisGreenDark.jpg = KillerWearsPrada\Images\textures\poisGreenDark.jpg
		KillerWearsPrada\Images\textures\poisGreenLight.jpg = KillerWearsPrada\Images\textures\poisGreenLight.jpg
		KillerWearsPrada\Images\textures\poisPurpleDark.jpg = KillerWearsPrada\Images\textures\poisPurpleDark.jpg
		KillerWearsPrada\Images\textures\poisPurpleLight.jpg = KillerWearsPrada\Images\textures\poisPurpleLight.jpg
		KillerWearsPrada\Images\textures\poisRedDark.jpg = KillerWearsPrada\Images\textures\poisRedDark.jpg
		KillerWearsPrada\Images\textures\poisRedLight.jpg = KillerWearsPrada\Images\textures\poisRedLight.jpg
		KillerWearsPrada\Images\textures\poisWhite.jpg = KillerWearsPrada\Images\textures\poisWhite.jpg
		KillerWearsPrada\Images\textures\poisYellowDark.jpg = KillerWearsPrada\Images\textures\poisYellowDark.jpg
		KillerWearsPrada\Images\textures\poisYellowLight.jpg = KillerWearsPrada\Images\textures\poisYellowLight.jpg
		KillerWearsPrada\Images\textures\purpleDark.png = KillerWearsPrada\Images\textures\purpleDark.png
		KillerWearsPrada\Images\textures\purpleLight.png = KillerWearsPrada\Images\textures\purpleLight.png
		KillerWearsPrada\Images\textures\redLight.png = KillerWearsPrada\Images\textures\redLight.png
		KillerWearsPrada\Images\textures\redTartan.jpg = KillerWearsPrada\Images\textures\redTartan.jpg
		KillerWearsPrada\Images\textures\scottishBlack.png = KillerWearsPrada\Images\textures\scottishBlack.png
		KillerWearsPrada\Images\textures\scottishBrownDark.jpg = KillerWearsPrada\Images\textures\scottishBrownDark.jpg
		KillerWearsPrada\Images\textures\scottishBrownLight.jpg = KillerWearsPrada\Images\textures\scottishBrownLight.jpg
		KillerWearsPrada\Images\textures\scottishGreen.jpg = KillerWearsPrada\Images\textures\scottishGreen.jpg
		KillerWearsPrada\Images\textures\scottishGreenLight.jpg = KillerWearsPrada\Images\textures\scottishGreenLight.jpg
		KillerWearsPrada\Images\textures\scottishLightBlue.jpg = KillerWearsPrada\Images\textures\scottishLightBlue.jpg
		KillerWearsPrada\Images\textures\scottishLightRed.jpg = KillerWearsPrada\Images\textures\scottishLightRed.jpg
		KillerWearsPrada\Images\textures\scottishPurpleDark.jpg = KillerWearsPrada\Images\textures\scottishPurpleDark.jpg
		KillerWearsPrada\Images\textures\scottishPurpleLight.jpg = KillerWearsPrada\Images\textures\scottishPurpleLight.jpg
		KillerWearsPrada\Images\textures\scottishWhite.jpg = KillerWearsPrada\Images\textures\scottishWhite.jpg
		KillerWearsPrada\Images\textures\scottishYellowDark.png = KillerWearsPrada\Images\textures\scottishYellowDark.png
		KillerWearsPrada\Images\textures\scottishYellowLight.jpg = KillerWearsPrada\Images\textures\scottishYellowLight.jpg
		KillerWearsPrada\Images\textures\stripesBlack.png = KillerWearsPrada\Images\textures\stripesBlack.png
		KillerWearsPrada\Images\textures\stripesBrownDark.png = KillerWearsPrada\Images\textures\stripesBrownDark.png
		KillerWearsPrada\Images\textures\stripesBrownLight.png = KillerWearsPrada\Images\textures\stripesBrownLight.png
		KillerWearsPrada\Images\textures\stripesDarkBlue.jpg = KillerWearsPrada\Images\textures\stripesDarkBlue.jpg
		KillerWearsPrada\Images\textures\stripesDarkGreen.png = KillerWearsPrada\Images\textures\stripesDarkGreen.png
		KillerWearsPrada\Images\textures\stripesDrakBlue.jpg = KillerWearsPrada\Images\textures\stripesDrakBlue.jpg
		KillerWearsPrada\Images\textures\stripesLightBlue.jpg = KillerWearsPrada\Images\textures\stripesLightBlue.jpg
		KillerWearsPrada\Images\textures\stripesLightGreen.png = KillerWearsPrada\Images\textures\stripesLightGreen.png
		KillerWearsPrada\Images\textures\stripesPurpleDark.png = KillerWearsPrada\Images\textures\stripesPurpleDark.png
		KillerWearsPrada\Images\textures\stripesPurpleLight.png = KillerWearsPrada\Images\textures\stripesPurpleLight.png
		KillerWearsPrada\Images\textures\stripesRedDark.png = KillerWearsPrada\Images\textures\stripesRedDark.png
		KillerWearsPrada\Images\textures\stripesRedLight.png = KillerWearsPrada\Images\textures\stripesRedLight.png
		KillerWearsPrada\Images\textures\stripesWhite.png = KillerWearsPrada\Images\textures\stripesWhite.png
		KillerWearsPrada\Images\textures\stripesYellowDark.png = KillerWearsPrada\Images\textures\stripesYellowDark.png
		KillerWearsPrada\Images\textures\stripesYellowLight.png = KillerWearsPrada\Images\textures\stripesYellowLight.png
		KillerWearsPrada\Images\textures\white.jpg = KillerWearsPrada\Images\textures\white.jpg
		KillerWearsPrada\Images\textures\yellowDark.png = KillerWearsPrada\Images\textures\yellowDark.png
		KillerWearsPrada\Images\textures\yellowLight.png = KillerWearsPrada\Images\textures\yellowLight.png
	EndProjectSection
EndProject
Project("{2150E333-8FDC-42A3-9474-1A3956D46DE8}") = "ItemsImages", "ItemsImages", "{233643F2-8BF4-4768-9B66-0EFCC88EF1C6}"
	ProjectSection(SolutionItems) = preProject
		KillerWearsPrada\Images\itemsImages\image.jpg = KillerWearsPrada\Images\itemsImages\image.jpg
		KillerWearsPrada\Images\itemsImages\image1.jpg = KillerWearsPrada\Images\itemsImages\image1.jpg
		KillerWearsPrada\Images\itemsImages\image10.jpg = KillerWearsPrada\Images\itemsImages\image10.jpg
		KillerWearsPrada\Images\itemsImages\image100.jpg = KillerWearsPrada\Images\itemsImages\image100.jpg
		KillerWearsPrada\Images\itemsImages\image101.jpeg = KillerWearsPrada\Images\itemsImages\image101.jpeg
		KillerWearsPrada\Images\itemsImages\image102.jpg = KillerWearsPrada\Images\itemsImages\image102.jpg
		KillerWearsPrada\Images\itemsImages\image103.jpeg = KillerWearsPrada\Images\itemsImages\image103.jpeg
		KillerWearsPrada\Images\itemsImages\image104.jpg = KillerWearsPrada\Images\itemsImages\image104.jpg
		KillerWearsPrada\Images\itemsImages\image105.jpeg = KillerWearsPrada\Images\itemsImages\image105.jpeg
		KillerWearsPrada\Images\itemsImages\image106.jpg = KillerWearsPrada\Images\itemsImages\image106.jpg
		KillerWearsPrada\Images\itemsImages\image107.jpg = KillerWearsPrada\Images\itemsImages\image107.jpg
		KillerWearsPrada\Images\itemsImages\image108.jpg = KillerWearsPrada\Images\itemsImages\image108.jpg
		KillerWearsPrada\Images\itemsImages\image109.jpg = KillerWearsPrada\Images\itemsImages\image109.jpg
		KillerWearsPrada\Images\itemsImages\image11.jpg = KillerWearsPrada\Images\itemsImages\image11.jpg
		KillerWearsPrada\Images\itemsImages\image110.jpg = KillerWearsPrada\Images\itemsImages\image110.jpg
		KillerWearsPrada\Images\itemsImages\image111.jpg = KillerWearsPrada\Images\itemsImages\image111.jpg
		KillerWearsPrada\Images\itemsImages\image112.jpg = KillerWearsPrada\Images\itemsImages\image112.jpg
		KillerWearsPrada\Images\itemsImages\image113.jpg = KillerWearsPrada\Images\itemsImages\image113.jpg
		KillerWearsPrada\Images\itemsImages\image114.jpg = KillerWearsPrada\Images\itemsImages\image114.jpg
		KillerWearsPrada\Images\itemsImages\image115.jpg = KillerWearsPrada\Images\itemsImages\image115.jpg
		KillerWearsPrada\Images\itemsImages\image116.jpg = KillerWearsPrada\Images\itemsImages\image116.jpg
		KillerWearsPrada\Images\itemsImages\image117.jpg = KillerWearsPrada\Images\itemsImages\image117.jpg
		KillerWearsPrada\Images\itemsImages\image118.jpg = KillerWearsPrada\Images\itemsImages\image118.jpg
		KillerWearsPrada\Images\itemsImages\image119.jpg = KillerWearsPrada\Images\itemsImages\image119.jpg
		KillerWearsPrada\Images\itemsImages\image12.jpg = KillerWearsPrada\Images\itemsImages\image12.jpg
		KillerWearsPrada\Images\itemsImages\image120.jpg = KillerWearsPrada\Images\itemsImages\image120.jpg
		KillerWearsPrada\Images\itemsImages\image121.jpg = KillerWearsPrada\Images\itemsImages\image121.jpg
		KillerWearsPrada\Images\itemsImages\image122.jpg = KillerWearsPrada\Images\itemsImages\image122.jpg
		KillerWearsPrada\Images\itemsImages\image123.jpg = KillerWearsPrada\Images\itemsImages\image123.jpg
		KillerWearsPrada\Images\itemsImages\image124.jpg = KillerWearsPrada\Images\itemsImages\image124.jpg
		KillerWearsPrada\Images\itemsImages\image125.jpeg = KillerWearsPrada\Images\itemsImages\image125.jpeg
		KillerWearsPrada\Images\itemsImages\image126.jpg = KillerWearsPrada\Images\itemsImages\image126.jpg
		KillerWearsPrada\Images\itemsImages\image127.jpg = KillerWearsPrada\Images\itemsImages\image127.jpg
		KillerWearsPrada\Images\itemsImages\image128.jpeg = KillerWearsPrada\Images\itemsImages\image128.jpeg
		KillerWearsPrada\Images\itemsImages\image129.jpg = KillerWearsPrada\Images\itemsImages\image129.jpg
		KillerWearsPrada\Images\itemsImages\image13.jpg = KillerWearsPrada\Images\itemsImages\image13.jpg
		KillerWearsPrada\Images\itemsImages\image130.jpg = KillerWearsPrada\Images\itemsImages\image130.jpg
		KillerWearsPrada\Images\itemsImages\image131.jpg = KillerWearsPrada\Images\itemsImages\image131.jpg
		KillerWearsPrada\Images\itemsImages\image132.jpeg = KillerWearsPrada\Images\itemsImages\image132.jpeg
		KillerWearsPrada\Images\itemsImages\image133.jpg = KillerWearsPrada\Images\itemsImages\image133.jpg
		KillerWearsPrada\Images\itemsImages\image134.jpeg = KillerWearsPrada\Images\itemsImages\image134.jpeg
		KillerWearsPrada\Images\itemsImages\image135.jpg = KillerWearsPrada\Images\itemsImages\image135.jpg
		KillerWearsPrada\Images\itemsImages\image136.jpg = KillerWearsPrada\Images\itemsImages\image136.jpg
		KillerWearsPrada\Images\itemsImages\image137.jpg = KillerWearsPrada\Images\itemsImages\image137.jpg
		KillerWearsPrada\Images\itemsImages\image138.jpg = KillerWearsPrada\Images\itemsImages\image138.jpg
		KillerWearsPrada\Images\itemsImages\image139.jpeg = KillerWearsPrada\Images\itemsImages\image139.jpeg
		KillerWearsPrada\Images\itemsImages\image14.jpg = KillerWearsPrada\Images\itemsImages\image14.jpg
		KillerWearsPrada\Images\itemsImages\image140.jpg = KillerWearsPrada\Images\itemsImages\image140.jpg
		KillerWearsPrada\Images\itemsImages\image141.jpeg = KillerWearsPrada\Images\itemsImages\image141.jpeg
		KillerWearsPrada\Images\itemsImages\image142.jpg = KillerWearsPrada\Images\itemsImages\image142.jpg
		KillerWearsPrada\Images\itemsImages\image143.jpg = KillerWearsPrada\Images\itemsImages\image143.jpg
		KillerWearsPrada\Images\itemsImages\image144.jpg = KillerWearsPrada\Images\itemsImages\image144.jpg
		KillerWearsPrada\Images\itemsImages\image145.jpg = KillerWearsPrada\Images\itemsImages\image145.jpg
		KillerWearsPrada\Images\itemsImages\image146.jpg = KillerWearsPrada\Images\itemsImages\image146.jpg
		KillerWearsPrada\Images\itemsImages\image147.jpg = KillerWearsPrada\Images\itemsImages\image147.jpg
		KillerWearsPrada\Images\itemsImages\image148.jpg = KillerWearsPrada\Images\itemsImages\image148.jpg
		KillerWearsPrada\Images\itemsImages\image149.jpg = KillerWearsPrada\Images\itemsImages\image149.jpg
		KillerWearsPrada\Images\itemsImages\image15.jpg = KillerWearsPrada\Images\itemsImages\image15.jpg
		KillerWearsPrada\Images\itemsImages\image150.jpg = KillerWearsPrada\Images\itemsImages\image150.jpg
		KillerWearsPrada\Images\itemsImages\image151.jpg = KillerWearsPrada\Images\itemsImages\image151.jpg
		KillerWearsPrada\Images\itemsImages\image152.jpg = KillerWearsPrada\Images\itemsImages\image152.jpg
		KillerWearsPrada\Images\itemsImages\image153.jpg = KillerWearsPrada\Images\itemsImages\image153.jpg
		KillerWearsPrada\Images\itemsImages\image154.JPG = KillerWearsPrada\Images\itemsImages\image154.JPG
		KillerWearsPrada\Images\itemsImages\image155.jpg = KillerWearsPrada\Images\itemsImages\image155.jpg
		KillerWearsPrada\Images\itemsImages\image156.jpg = KillerWearsPrada\Images\itemsImages\image156.jpg
		KillerWearsPrada\Images\itemsImages\image157.jpg = KillerWearsPrada\Images\itemsImages\image157.jpg
		KillerWearsPrada\Images\itemsImages\image158.jpg = KillerWearsPrada\Images\itemsImages\image158.jpg
		KillerWearsPrada\Images\itemsImages\image159.jpg = KillerWearsPrada\Images\itemsImages\image159.jpg
		KillerWearsPrada\Images\itemsImages\image16.jpg = KillerWearsPrada\Images\itemsImages\image16.jpg
		KillerWearsPrada\Images\itemsImages\image160.jpg = KillerWearsPrada\Images\itemsImages\image160.jpg
		KillerWearsPrada\Images\itemsImages\image161.jpg = KillerWearsPrada\Images\itemsImages\image161.jpg
		KillerWearsPrada\Images\itemsImages\image162.jpg = KillerWearsPrada\Images\itemsImages\image162.jpg
		KillerWearsPrada\Images\itemsImages\image163.jpg = KillerWearsPrada\Images\itemsImages\image163.jpg
		KillerWearsPrada\Images\itemsImages\image164.jpg = KillerWearsPrada\Images\itemsImages\image164.jpg
		KillerWearsPrada\Images\itemsImages\image165.jpg = KillerWearsPrada\Images\itemsImages\image165.jpg
		KillerWearsPrada\Images\itemsImages\image166.jpg = KillerWearsPrada\Images\itemsImages\image166.jpg
		KillerWearsPrada\Images\itemsImages\image167.jpg = KillerWearsPrada\Images\itemsImages\image167.jpg
		KillerWearsPrada\Images\itemsImages\image168.jpg = KillerWearsPrada\Images\itemsImages\image168.jpg
		KillerWearsPrada\Images\itemsImages\image169.jpeg = KillerWearsPrada\Images\itemsImages\image169.jpeg
		KillerWearsPrada\Images\itemsImages\image17.jpg = KillerWearsPrada\Images\itemsImages\image17.jpg
		KillerWearsPrada\Images\itemsImages\image170.jpeg = KillerWearsPrada\Images\itemsImages\image170.jpeg
		KillerWearsPrada\Images\itemsImages\image171.jpg = KillerWearsPrada\Images\itemsImages\image171.jpg
		KillerWearsPrada\Images\itemsImages\image172.jpg = KillerWearsPrada\Images\itemsImages\image172.jpg
		KillerWearsPrada\Images\itemsImages\image173.jpeg = KillerWearsPrada\Images\itemsImages\image173.jpeg
		KillerWearsPrada\Images\itemsImages\image174.jpg = KillerWearsPrada\Images\itemsImages\image174.jpg
		KillerWearsPrada\Images\itemsImages\image175.jpeg = KillerWearsPrada\Images\itemsImages\image175.jpeg
		KillerWearsPrada\Images\itemsImages\image176.jpeg = KillerWearsPrada\Images\itemsImages\image176.jpeg
		KillerWearsPrada\Images\itemsImages\image177.jpg = KillerWearsPrada\Images\itemsImages\image177.jpg
		KillerWearsPrada\Images\itemsImages\image178.jpg = KillerWearsPrada\Images\itemsImages\image178.jpg
		KillerWearsPrada\Images\itemsImages\image179.jpg = KillerWearsPrada\Images\itemsImages\image179.jpg
		KillerWearsPrada\Images\itemsImages\image18.jpg = KillerWearsPrada\Images\itemsImages\image18.jpg
		KillerWearsPrada\Images\itemsImages\image180.jpg = KillerWearsPrada\Images\itemsImages\image180.jpg
		KillerWearsPrada\Images\itemsImages\image181.jpg = KillerWearsPrada\Images\itemsImages\image181.jpg
		KillerWearsPrada\Images\itemsImages\image182.jpeg = KillerWearsPrada\Images\itemsImages\image182.jpeg
		KillerWearsPrada\Images\itemsImages\image183.jpg = KillerWearsPrada\Images\itemsImages\image183.jpg
		KillerWearsPrada\Images\itemsImages\image184.jpg = KillerWearsPrada\Images\itemsImages\image184.jpg
		KillerWearsPrada\Images\itemsImages\image185.jpeg = KillerWearsPrada\Images\itemsImages\image185.jpeg
		KillerWearsPrada\Images\itemsImages\image186.jpg = KillerWearsPrada\Images\itemsImages\image186.jpg
		KillerWearsPrada\Images\itemsImages\image188.jpg = KillerWearsPrada\Images\itemsImages\image188.jpg
		KillerWearsPrada\Images\itemsImages\image189.jpeg = KillerWearsPrada\Images\itemsImages\image189.jpeg
		KillerWearsPrada\Images\itemsImages\image189.jpg = KillerWearsPrada\Images\itemsImages\image189.jpg
		KillerWearsPrada\Images\itemsImages\image19.jpeg = KillerWearsPrada\Images\itemsImages\image19.jpeg
		KillerWearsPrada\Images\itemsImages\image190.jpg = KillerWearsPrada\Images\itemsImages\image190.jpg
		KillerWearsPrada\Images\itemsImages\image191.jpg = KillerWearsPrada\Images\itemsImages\image191.jpg
		KillerWearsPrada\Images\itemsImages\image192.jpeg = KillerWearsPrada\Images\itemsImages\image192.jpeg
		KillerWearsPrada\Images\itemsImages\image193.jpg = KillerWearsPrada\Images\itemsImages\image193.jpg
		KillerWearsPrada\Images\itemsImages\image194.jpg = KillerWearsPrada\Images\itemsImages\image194.jpg
		KillerWearsPrada\Images\itemsImages\image195.jpg = KillerWearsPrada\Images\itemsImages\image195.jpg
		KillerWearsPrada\Images\itemsImages\image196.jpg = KillerWearsPrada\Images\itemsImages\image196.jpg
		KillerWearsPrada\Images\itemsImages\image197.jpg = KillerWearsPrada\Images\itemsImages\image197.jpg
		KillerWearsPrada\Images\itemsImages\image198.jpg = KillerWearsPrada\Images\itemsImages\image198.jpg
		KillerWearsPrada\Images\itemsImages\image2.jpg = KillerWearsPrada\Images\itemsImages\image2.jpg
		KillerWearsPrada\Images\itemsImages\image20.jpg = KillerWearsPrada\Images\itemsImages\image20.jpg
		KillerWearsPrada\Images\itemsImages\image200.png = KillerWearsPrada\Images\itemsImages\image200.png
		KillerWearsPrada\Images\itemsImages\image201.jpg = KillerWearsPrada\Images\itemsImages\image201.jpg
		KillerWearsPrada\Images\itemsImages\image202.jpeg = KillerWearsPrada\Images\itemsImages\image202.jpeg
		KillerWearsPrada\Images\itemsImages\image203.jpeg = KillerWearsPrada\Images\itemsImages\image203.jpeg
		KillerWearsPrada\Images\itemsImages\image204.jpg = KillerWearsPrada\Images\itemsImages\image204.jpg
		KillerWearsPrada\Images\itemsImages\image205.jpg = KillerWearsPrada\Images\itemsImages\image205.jpg
		KillerWearsPrada\Images\itemsImages\image206.jpg = KillerWearsPrada\Images\itemsImages\image206.jpg
		KillerWearsPrada\Images\itemsImages\image207.jpg = KillerWearsPrada\Images\itemsImages\image207.jpg
		KillerWearsPrada\Images\itemsImages\image208.jpg = KillerWearsPrada\Images\itemsImages\image208.jpg
		KillerWearsPrada\Images\itemsImages\image209.jpg = KillerWearsPrada\Images\itemsImages\image209.jpg
		KillerWearsPrada\Images\itemsImages\image21.jpg = KillerWearsPrada\Images\itemsImages\image21.jpg
		KillerWearsPrada\Images\itemsImages\image210.jpg = KillerWearsPrada\Images\itemsImages\image210.jpg
		KillerWearsPrada\Images\itemsImages\image211.jpg = KillerWearsPrada\Images\itemsImages\image211.jpg
		KillerWearsPrada\Images\itemsImages\image212.jpg = KillerWearsPrada\Images\itemsImages\image212.jpg
		KillerWearsPrada\Images\itemsImages\image213.jpg = KillerWearsPrada\Images\itemsImages\image213.jpg
		KillerWearsPrada\Images\itemsImages\image214.jpeg = KillerWearsPrada\Images\itemsImages\image214.jpeg
		KillerWearsPrada\Images\itemsImages\image215.jpg = KillerWearsPrada\Images\itemsImages\image215.jpg
		KillerWearsPrada\Images\itemsImages\image216.jpg = KillerWearsPrada\Images\itemsImages\image216.jpg
		KillerWearsPrada\Images\itemsImages\image217.jpg = KillerWearsPrada\Images\itemsImages\image217.jpg
		KillerWearsPrada\Images\itemsImages\image218.jpg = KillerWearsPrada\Images\itemsImages\image218.jpg
		KillerWearsPrada\Images\itemsImages\image219.jpg = KillerWearsPrada\Images\itemsImages\image219.jpg
		KillerWearsPrada\Images\itemsImages\image22.jpeg = KillerWearsPrada\Images\itemsImages\image22.jpeg
		KillerWearsPrada\Images\itemsImages\image220.jpg = KillerWearsPrada\Images\itemsImages\image220.jpg
		KillerWearsPrada\Images\itemsImages\image221.jpg = KillerWearsPrada\Images\itemsImages\image221.jpg
		KillerWearsPrada\Images\itemsImages\image222.jpg = KillerWearsPrada\Images\itemsImages\image222.jpg
		KillerWearsPrada\Images\itemsImages\image223.jpg = KillerWearsPrada\Images\itemsImages\image223.jpg
		KillerWearsPrada\Images\itemsImages\image224.jpg = KillerWearsPrada\Images\itemsImages\image224.jpg
		KillerWearsPrada\Images\itemsImages\image225.jpeg = KillerWearsPrada\Images\itemsImages\image225.jpeg
		KillerWearsPrada\Images\itemsImages\image226.jpg = KillerWearsPrada\Images\itemsImages\image226.jpg
		KillerWearsPrada\Images\itemsImages\image227.jpg = KillerWearsPrada\Images\itemsImages\image227.jpg
		KillerWearsPrada\Images\itemsImages\image228.jpg = KillerWearsPrada\Images\itemsImages\image228.jpg
		KillerWearsPrada\Images\itemsImages\image229.jpg = KillerWearsPrada\Images\itemsImages\image229.jpg
		KillerWearsPrada\Images\itemsImages\image23.jpg = KillerWearsPrada\Images\itemsImages\image23.jpg
		KillerWearsPrada\Images\itemsImages\image230.jpg = KillerWearsPrada\Images\itemsImages\image230.jpg
		KillerWearsPrada\Images\itemsImages\image231.jpg = KillerWearsPrada\Images\itemsImages\image231.jpg
		KillerWearsPrada\Images\itemsImages\image232.jpeg = KillerWearsPrada\Images\itemsImages\image232.jpeg
		KillerWearsPrada\Images\itemsImages\image233.jpg = KillerWearsPrada\Images\itemsImages\image233.jpg
		KillerWearsPrada\Images\itemsImages\image234.jpeg = KillerWearsPrada\Images\itemsImages\image234.jpeg
		KillerWearsPrada\Images\itemsImages\image235.jpg = KillerWearsPrada\Images\itemsImages\image235.jpg
		KillerWearsPrada\Images\itemsImages\image236.jpg = KillerWearsPrada\Images\itemsImages\image236.jpg
		KillerWearsPrada\Images\itemsImages\image237.jpeg = KillerWearsPrada\Images\itemsImages\image237.jpeg
		KillerWearsPrada\Images\itemsImages\image238.jpg = KillerWearsPrada\Images\itemsImages\image238.jpg
		KillerWearsPrada\Images\itemsImages\image239.jpeg = KillerWearsPrada\Images\itemsImages\image239.jpeg
		KillerWearsPrada\Images\itemsImages\image24.jpeg = KillerWearsPrada\Images\itemsImages\image24.jpeg
		KillerWearsPrada\Images\itemsImages\image240.jpeg = KillerWearsPrada\Images\itemsImages\image240.jpeg
		KillerWearsPrada\Images\itemsImages\image241.jpg = KillerWearsPrada\Images\itemsImages\image241.jpg
		KillerWearsPrada\Images\itemsImages\image242.jpg = KillerWearsPrada\Images\itemsImages\image242.jpg
		KillerWearsPrada\Images\itemsImages\image243.jpg = KillerWearsPrada\Images\itemsImages\image243.jpg
		KillerWearsPrada\Images\itemsImages\image244.jpeg = KillerWearsPrada\Images\itemsImages\image244.jpeg
		KillerWearsPrada\Images\itemsImages\image245.jpg = KillerWearsPrada\Images\itemsImages\image245.jpg
		KillerWearsPrada\Images\itemsImages\image246.jpg = KillerWearsPrada\Images\itemsImages\image246.jpg
		KillerWearsPrada\Images\itemsImages\image247.jpeg = KillerWearsPrada\Images\itemsImages\image247.jpeg
		KillerWearsPrada\Images\itemsImages\image248.jpg = KillerWearsPrada\Images\itemsImages\image248.jpg
		KillerWearsPrada\Images\itemsImages\image249.jpg = KillerWearsPrada\Images\itemsImages\image249.jpg
		KillerWearsPrada\Images\itemsImages\image25.jpg = KillerWearsPrada\Images\itemsImages\image25.jpg
		KillerWearsPrada\Images\itemsImages\image250.jpg = KillerWearsPrada\Images\itemsImages\image250.jpg
		KillerWearsPrada\Images\itemsImages\image251.jpg = KillerWearsPrada\Images\itemsImages\image251.jpg
		KillerWearsPrada\Images\itemsImages\image252.jpg = KillerWearsPrada\Images\itemsImages\image252.jpg
		KillerWearsPrada\Images\itemsImages\image253.jpg = KillerWearsPrada\Images\itemsImages\image253.jpg
		KillerWearsPrada\Images\itemsImages\image254.jpg = KillerWearsPrada\Images\itemsImages\image254.jpg
		KillerWearsPrada\Images\itemsImages\image255.jpg = KillerWearsPrada\Images\itemsImages\image255.jpg
		KillerWearsPrada\Images\itemsImages\image256.jpeg = KillerWearsPrada\Images\itemsImages\image256.jpeg
		KillerWearsPrada\Images\itemsImages\image257.jpeg = KillerWearsPrada\Images\itemsImages\image257.jpeg
		KillerWearsPrada\Images\itemsImages\image258.jpeg = KillerWearsPrada\Images\itemsImages\image258.jpeg
		KillerWearsPrada\Images\itemsImages\image259.jpg = KillerWearsPrada\Images\itemsImages\image259.jpg
		KillerWearsPrada\Images\itemsImages\image26.jpg = KillerWearsPrada\Images\itemsImages\image26.jpg
		KillerWearsPrada\Images\itemsImages\image260.jpg = KillerWearsPrada\Images\itemsImages\image260.jpg
		KillerWearsPrada\Images\itemsImages\image261.jpg = KillerWearsPrada\Images\itemsImages\image261.jpg
		KillerWearsPrada\Images\itemsImages\image262.jpg = KillerWearsPrada\Images\itemsImages\image262.jpg
		KillerWearsPrada\Images\itemsImages\image263.jpg = KillerWearsPrada\Images\itemsImages\image263.jpg
		KillerWearsPrada\Images\itemsImages\image265.jpg = KillerWearsPrada\Images\itemsImages\image265.jpg
		KillerWearsPrada\Images\itemsImages\image266.jpg = KillerWearsPrada\Images\itemsImages\image266.jpg
		KillerWearsPrada\Images\itemsImages\image267.jpg = KillerWearsPrada\Images\itemsImages\image267.jpg
		KillerWearsPrada\Images\itemsImages\image268.jpg = KillerWearsPrada\Images\itemsImages\image268.jpg
		KillerWearsPrada\Images\itemsImages\image269.jpg = KillerWearsPrada\Images\itemsImages\image269.jpg
		KillerWearsPrada\Images\itemsImages\image27.jpg = KillerWearsPrada\Images\itemsImages\image27.jpg
		KillerWearsPrada\Images\itemsImages\image270.jpg = KillerWearsPrada\Images\itemsImages\image270.jpg
		KillerWearsPrada\Images\itemsImages\image271.jpg = KillerWearsPrada\Images\itemsImages\image271.jpg
		KillerWearsPrada\Images\itemsImages\image272.jpeg = KillerWearsPrada\Images\itemsImages\image272.jpeg
		KillerWearsPrada\Images\itemsImages\image273.jpg = KillerWearsPrada\Images\itemsImages\image273.jpg
		KillerWearsPrada\Images\itemsImages\image274.jpg = KillerWearsPrada\Images\itemsImages\image274.jpg
		KillerWearsPrada\Images\itemsImages\image275.JPG = KillerWearsPrada\Images\itemsImages\image275.JPG
		KillerWearsPrada\Images\itemsImages\image276.jpg = KillerWearsPrada\Images\itemsImages\image276.jpg
		KillerWearsPrada\Images\itemsImages\image277.jpg = KillerWearsPrada\Images\itemsImages\image277.jpg
		KillerWearsPrada\Images\itemsImages\image278.jpg = KillerWearsPrada\Images\itemsImages\image278.jpg
		KillerWearsPrada\Images\itemsImages\image279.jpg = KillerWearsPrada\Images\itemsImages\image279.jpg
		KillerWearsPrada\Images\itemsImages\image28.jpeg = KillerWearsPrada\Images\itemsImages\image28.jpeg
		KillerWearsPrada\Images\itemsImages\image280.jpg = KillerWearsPrada\Images\itemsImages\image280.jpg
		KillerWearsPrada\Images\itemsImages\image281.jpg = KillerWearsPrada\Images\itemsImages\image281.jpg
		KillerWearsPrada\Images\itemsImages\image282.jpg = KillerWearsPrada\Images\itemsImages\image282.jpg
		KillerWearsPrada\Images\itemsImages\image283.jpg = KillerWearsPrada\Images\itemsImages\image283.jpg
		KillerWearsPrada\Images\itemsImages\image284.jpg = KillerWearsPrada\Images\itemsImages\image284.jpg
		KillerWearsPrada\Images\itemsImages\image285.jpg = KillerWearsPrada\Images\itemsImages\image285.jpg
		KillerWearsPrada\Images\itemsImages\image286.jpg = KillerWearsPrada\Images\itemsImages\image286.jpg
		KillerWearsPrada\Images\itemsImages\image287.JPG = KillerWearsPrada\Images\itemsImages\image287.JPG
		KillerWearsPrada\Images\itemsImages\image288.jpg = KillerWearsPrada\Images\itemsImages\image288.jpg
		KillerWearsPrada\Images\itemsImages\image289.jpg = KillerWearsPrada\Images\itemsImages\image289.jpg
		KillerWearsPrada\Images\itemsImages\image29.jpg = KillerWearsPrada\Images\itemsImages\image29.jpg
		KillerWearsPrada\Images\itemsImages\image290.jpg = KillerWearsPrada\Images\itemsImages\image290.jpg
		KillerWearsPrada\Images\itemsImages\image291.JPG = KillerWearsPrada\Images\itemsImages\image291.JPG
		KillerWearsPrada\Images\itemsImages\image292.jpg = KillerWearsPrada\Images\itemsImages\image292.jpg
		KillerWearsPrada\Images\itemsImages\image293.jpg = KillerWearsPrada\Images\itemsImages\image293.jpg
		KillerWearsPrada\Images\itemsImages\image294.jpg = KillerWearsPrada\Images\itemsImages\image294.jpg
		KillerWearsPrada\Images\itemsImages\image295.jpg = KillerWearsPrada\Images\itemsImages\image295.jpg
		KillerWearsPrada\Images\itemsImages\image296.jpg = KillerWearsPrada\Images\itemsImages\image296.jpg
		KillerWearsPrada\Images\itemsImages\image297.jpg = KillerWearsPrada\Images\itemsImages\image297.jpg
		KillerWearsPrada\Images\itemsImages\image298.jpg = KillerWearsPrada\Images\itemsImages\image298.jpg
		KillerWearsPrada\Images\itemsImages\image299.jpg = KillerWearsPrada\Images\itemsImages\image299.jpg
		KillerWearsPrada\Images\itemsImages\image3.jpg = KillerWearsPrada\Images\itemsImages\image3.jpg
		KillerWearsPrada\Images\itemsImages\image30.JPG = KillerWearsPrada\Images\itemsImages\image30.JPG
		KillerWearsPrada\Images\itemsImages\image300.jpg = KillerWearsPrada\Images\itemsImages\image300.jpg
		KillerWearsPrada\Images\itemsImages\image302.jpg = KillerWearsPrada\Images\itemsImages\image302.jpg
		KillerWearsPrada\Images\itemsImages\image303.jpg = KillerWearsPrada\Images\itemsImages\image303.jpg
		KillerWearsPrada\Images\itemsImages\image304.jpg = KillerWearsPrada\Images\itemsImages\image304.jpg
		KillerWearsPrada\Images\itemsImages\image305.jpg = KillerWearsPrada\Images\itemsImages\image305.jpg
		KillerWearsPrada\Images\itemsImages\image306.jpg = KillerWearsPrada\Images\itemsImages\image306.jpg
		KillerWearsPrada\Images\itemsImages\image31.jpg = KillerWearsPrada\Images\itemsImages\image31.jpg
		KillerWearsPrada\Images\itemsImages\image32.jpg = KillerWearsPrada\Images\itemsImages\image32.jpg
		KillerWearsPrada\Images\itemsImages\image33.jpg = KillerWearsPrada\Images\itemsImages\image33.jpg
		KillerWearsPrada\Images\itemsImages\image34.jpeg = KillerWearsPrada\Images\itemsImages\image34.jpeg
		KillerWearsPrada\Images\itemsImages\image35.jpg = KillerWearsPrada\Images\itemsImages\image35.jpg
		KillerWearsPrada\Images\itemsImages\image36.jpg = KillerWearsPrada\Images\itemsImages\image36.jpg
		KillerWearsPrada\Images\itemsImages\image37.jpg = KillerWearsPrada\Images\itemsImages\image37.jpg
		KillerWearsPrada\Images\itemsImages\image38.jpg = KillerWearsPrada\Images\itemsImages\image38.jpg
		KillerWearsPrada\Images\itemsImages\image39.jpg = KillerWearsPrada\Images\itemsImages\image39.jpg
		KillerWearsPrada\Images\itemsImages\image4.jpeg = KillerWearsPrada\Images\itemsImages\image4.jpeg
		KillerWearsPrada\Images\itemsImages\image40.jpeg = KillerWearsPrada\Images\itemsImages\image40.jpeg
		KillerWearsPrada\Images\itemsImages\image41.jpg = KillerWearsPrada\Images\itemsImages\image41.jpg
		KillerWearsPrada\Images\itemsImages\image42.jpg = KillerWearsPrada\Images\itemsImages\image42.jpg
		KillerWearsPrada\Images\itemsImages\image43.jpg = KillerWearsPrada\Images\itemsImages\image43.jpg
		KillerWearsPrada\Images\itemsImages\image44.jpg = KillerWearsPrada\Images\itemsImages\image44.jpg
		KillerWearsPrada\Images\itemsImages\image45.jpg = KillerWearsPrada\Images\itemsImages\image45.jpg
		KillerWearsPrada\Images\itemsImages\image46.jpg = KillerWearsPrada\Images\itemsImages\image46.jpg
		KillerWearsPrada\Images\itemsImages\image47.jpeg = KillerWearsPrada\Images\itemsImages\image47.jpeg
		KillerWearsPrada\Images\itemsImages\image48.jpg = KillerWearsPrada\Images\itemsImages\image48.jpg
		KillerWearsPrada\Images\itemsImages\image49.jpg = KillerWearsPrada\Images\itemsImages\image49.jpg
		KillerWearsPrada\Images\itemsImages\image5.jpg = KillerWearsPrada\Images\itemsImages\image5.jpg
		KillerWearsPrada\Images\itemsImages\image50.jpg = KillerWearsPrada\Images\itemsImages\image50.jpg
		KillerWearsPrada\Images\itemsImages\image51.jpeg = KillerWearsPrada\Images\itemsImages\image51.jpeg
		KillerWearsPrada\Images\itemsImages\image52.jpg = KillerWearsPrada\Images\itemsImages\image52.jpg
		KillerWearsPrada\Images\itemsImages\image53.jpg = KillerWearsPrada\Images\itemsImages\image53.jpg
		KillerWearsPrada\Images\itemsImages\image54.jpg = KillerWearsPrada\Images\itemsImages\image54.jpg
		KillerWearsPrada\Images\itemsImages\image55.jpg = KillerWearsPrada\Images\itemsImages\image55.jpg
		KillerWearsPrada\Images\itemsImages\image56.jpg = KillerWearsPrada\Images\itemsImages\image56.jpg
		KillerWearsPrada\Images\itemsImages\image57.jpg = KillerWearsPrada\Images\itemsImages\image57.jpg
		KillerWearsPrada\Images\itemsImages\image58.jpeg = KillerWearsPrada\Images\itemsImages\image58.jpeg
		KillerWearsPrada\Images\itemsImages\image59.jpg = KillerWearsPrada\Images\itemsImages\image59.jpg
		KillerWearsPrada\Images\itemsImages\image6.jpg = KillerWearsPrada\Images\itemsImages\image6.jpg
		KillerWearsPrada\Images\itemsImages\image60.jpg = KillerWearsPrada\Images\itemsImages\image60.jpg
		KillerWearsPrada\Images\itemsImages\image61.jpg = KillerWearsPrada\Images\itemsImages\image61.jpg
		KillerWearsPrada\Images\itemsImages\image62.JPG = KillerWearsPrada\Images\itemsImages\image62.JPG
		KillerWearsPrada\Images\itemsImages\image63.jpeg = KillerWearsPrada\Images\itemsImages\image63.jpeg
		KillerWearsPrada\Images\itemsImages\image64.jpg = KillerWearsPrada\Images\itemsImages\image64.jpg
		KillerWearsPrada\Images\itemsImages\image65.jpg = KillerWearsPrada\Images\itemsImages\image65.jpg
		KillerWearsPrada\Images\itemsImages\image66.jpg = KillerWearsPrada\Images\itemsImages\image66.jpg
		KillerWearsPrada\Images\itemsImages\image67.jpg = KillerWearsPrada\Images\itemsImages\image67.jpg
		KillerWearsPrada\Images\itemsImages\image68.jpg = KillerWearsPrada\Images\itemsImages\image68.jpg
		KillerWearsPrada\Images\itemsImages\image69.jpg = KillerWearsPrada\Images\itemsImages\image69.jpg
		KillerWearsPrada\Images\itemsImages\image7.jpg = KillerWearsPrada\Images\itemsImages\image7.jpg
		KillerWearsPrada\Images\itemsImages\image70.jpg = KillerWearsPrada\Images\itemsImages\image70.jpg
		KillerWearsPrada\Images\itemsImages\image71.jpg = KillerWearsPrada\Images\itemsImages\image71.jpg
		KillerWearsPrada\Images\itemsImages\image72.jpg = KillerWearsPrada\Images\itemsImages\image72.jpg
		KillerWearsPrada\Images\itemsImages\image73.jpg = KillerWearsPrada\Images\itemsImages\image73.jpg
		KillerWearsPrada\Images\itemsImages\image74.jpg = KillerWearsPrada\Images\itemsImages\image74.jpg
		KillerWearsPrada\Images\itemsImages\image75.jpg = KillerWearsPrada\Images\itemsImages\image75.jpg
		KillerWearsPrada\Images\itemsImages\image76.jpg = KillerWearsPrada\Images\itemsImages\image76.jpg
		KillerWearsPrada\Images\itemsImages\image77.jpg = KillerWearsPrada\Images\itemsImages\image77.jpg
		KillerWearsPrada\Images\itemsImages\image78.jpeg = KillerWearsPrada\Images\itemsImages\image78.jpeg
		KillerWearsPrada\Images\itemsImages\image79.jpg = KillerWearsPrada\Images\itemsImages\image79.jpg
		KillerWearsPrada\Images\itemsImages\image8.jpg = KillerWearsPrada\Images\itemsImages\image8.jpg
		KillerWearsPrada\Images\itemsImages\image80.jpg = KillerWearsPrada\Images\itemsImages\image80.jpg
		KillerWearsPrada\Images\itemsImages\image81.jpg = KillerWearsPrada\Images\itemsImages\image81.jpg
		KillerWearsPrada\Images\itemsImages\image82.jpg = KillerWearsPrada\Images\itemsImages\image82.jpg
		KillerWearsPrada\Images\itemsImages\image83.jpeg = KillerWearsPrada\Images\itemsImages\image83.jpeg
		KillerWearsPrada\Images\itemsImages\image84.jpg = KillerWearsPrada\Images\itemsImages\image84.jpg
		KillerWearsPrada\Images\itemsImages\image85.jpg = KillerWearsPrada\Images\itemsImages\image85.jpg
		KillerWearsPrada\Images\itemsImages\image86.jpg = KillerWearsPrada\Images\itemsImages\image86.jpg
		KillerWearsPrada\Images\itemsImages\image87.jpeg = KillerWearsPrada\Images\itemsImages\image87.jpeg
		KillerWearsPrada\Images\itemsImages\image88.jpg = KillerWearsPrada\Images\itemsImages\image88.jpg
		KillerWearsPrada\Images\itemsImages\image89.jpg = KillerWearsPrada\Images\itemsImages\image89.jpg
		KillerWearsPrada\Images\itemsImages\image9.jpeg = KillerWearsPrada\Images\itemsImages\image9.jpeg
		KillerWearsPrada\Images\itemsImages\image90.jpg = KillerWearsPrada\Images\itemsImages\image90.jpg
		KillerWearsPrada\Images\itemsImages\image91.jpg = KillerWearsPrada\Images\itemsImages\image91.jpg
		KillerWearsPrada\Images\itemsImages\image92.jpeg = KillerWearsPrada\Images\itemsImages\image92.jpeg
		KillerWearsPrada\Images\itemsImages\image93.jpeg = KillerWearsPrada\Images\itemsImages\image93.jpeg
		KillerWearsPrada\Images\itemsImages\image94.jpg = KillerWearsPrada\Images\itemsImages\image94.jpg
		KillerWearsPrada\Images\itemsImages\image95.jpeg = KillerWearsPrada\Images\itemsImages\image95.jpeg
		KillerWearsPrada\Images\itemsImages\image96.jpg = KillerWearsPrada\Images\itemsImages\image96.jpg
		KillerWearsPrada\Images\itemsImages\image97.jpg = KillerWearsPrada\Images\itemsImages\image97.jpg
		KillerWearsPrada\Images\itemsImages\image98.jpg = KillerWearsPrada\Images\itemsImages\image98.jpg
		KillerWearsPrada\Images\itemsImages\image99.jpg = KillerWearsPrada\Images\itemsImages\image99.jpg
	EndProjectSection
EndProject
Project("{2150E333-8FDC-42A3-9474-1A3956D46DE8}") = "Masks", "Masks", "{CAC4F376-C63A-46E4-9CDB-59BAA9D37EE4}"
	ProjectSection(SolutionItems) = preProject
		KillerWearsPrada\Images\Masks\hat_1meleOk.png = KillerWearsPrada\Images\Masks\hat_1meleOk.png
		KillerWearsPrada\Images\Masks\hat_2tablebluOkwhite.png = KillerWearsPrada\Images\Masks\hat_2tablebluOkwhite.png
		KillerWearsPrada\Images\Masks\hat_3tablewhiteOk.png = KillerWearsPrada\Images\Masks\hat_3tablewhiteOk.png
		KillerWearsPrada\Images\Masks\hat_4marmoOkwhite.png = KillerWearsPrada\Images\Masks\hat_4marmoOkwhite.png
		KillerWearsPrada\Images\Masks\hat_5antaOkwhite.png = KillerWearsPrada\Images\Masks\hat_5antaOkwhite.png
		KillerWearsPrada\Images\Masks\hat_6sediaOk.png = KillerWearsPrada\Images\Masks\hat_6sediaOk.png
		KillerWearsPrada\Images\Masks\panta_1divanoOkmask.png = KillerWearsPrada\Images\Masks\panta_1divanoOkmask.png
		KillerWearsPrada\Images\Masks\panta_2piegatiOk.png = KillerWearsPrada\Images\Masks\panta_2piegatiOk.png
		KillerWearsPrada\Images\Masks\panta_3tableOkMask.png = KillerWearsPrada\Images\Masks\panta_3tableOkMask.png
		KillerWearsPrada\Images\Masks\panta_4tappetoOk.png = KillerWearsPrada\Images\Masks\panta_4tappetoOk.png
		KillerWearsPrada\Images\Masks\panta_5appesiOk.png = KillerWearsPrada\Images\Masks\panta_5appesiOk.png
		KillerWearsPrada\Images\Masks\panta_6tvOk.png = KillerWearsPrada\Images\Masks\panta_6tvOk.png
		KillerWearsPrada\Images\Masks\shirt_1libriOk.png = KillerWearsPrada\Images\Masks\shirt_1libriOk.png
		KillerWearsPrada\Images\Masks\shirt_2muroOk.png = KillerWearsPrada\Images\Masks\shirt_2muroOk.png
		KillerWearsPrada\Images\Masks\shirt_3bedOkscalata.png = KillerWearsPrada\Images\Masks\shirt_3bedOkscalata.png
		KillerWearsPrada\Images\Masks\shirt_4armadiofuoriOkscalata.png = KillerWearsPrada\Images\Masks\shirt_4armadiofuoriOkscalata.png
		KillerWearsPrada\Images\Masks\shirt_5tappetoOk.png = KillerWearsPrada\Images\Masks\shirt_5tappetoOk.png
		KillerWearsPrada\Images\Masks\shirt_6armadioOk.png = KillerWearsPrada\Images\Masks\shirt_6armadioOk.png
	EndProjectSection
EndProject
Project("{2150E333-8FDC-42A3-9474-1A3956D46DE8}") = "Magick", "Magick", "{A403A83C-CF18-4388-A21B-696DA69AD4F2}"
EndProject
Project("{2150E333-8FDC-42A3-9474-1A3956D46DE8}") = "SketchesImages", "SketchesImages", "{548071FA-4338-435E-871E-AB7E99B29A16}"
EndProject
Project("{2150E333-8FDC-42A3-9474-1A3956D46DE8}") = "GhostscriptDirectory", "GhostscriptDirectory", "{7567AE2B-B98D-4D28-B93C-355DEAAC4ABF}"
EndProject
Project("{2150E333-8FDC-42A3-9474-1A3956D46DE8}") = "CacheDirectoryMagick", "CacheDirectoryMagick", "{9A463ED8-84C8-4D1A-8F82-D4E883927DC8}"
EndProject
Project("{2150E333-8FDC-42A3-9474-1A3956D46DE8}") = "TempDirectory", "TempDirectory", "{37CC66B0-6BAF-4066-8AB7-FCDF617C822F}"
EndProject
Project("{F088123C-0E9E-452A-89E6-6BA2F21D5CAC}") = "InteractionGraph", "ModelingProject3\InteractionGraph.modelproj", "{53F8C20E-740C-43A1-B8D4-F0C7C83AB21B}"
EndProject
Project("{2150E333-8FDC-42A3-9474-1A3956D46DE8}") = "UML", "UML", "{A795DBCC-8BCA-40EC-91BE-6FE1894DCEB1}"
	ProjectSection(SolutionItems) = preProject
		KillerWearsPrada\Controller\ControllerDigram.cd = KillerWearsPrada\Controller\ControllerDigram.cd
		KillerWearsPrada\Helpers\HelpersDiagram.cd = KillerWearsPrada\Helpers\HelpersDiagram.cd
		KillerWearsPrada\Model\ModelDiagram.cd = KillerWearsPrada\Model\ModelDiagram.cd
	EndProjectSection
EndProject
Project("{2150E333-8FDC-42A3-9474-1A3956D46DE8}") = "DigramImages", "DigramImages", "{3E0C3F2D-0E25-4CBA-936A-0E09A22FE33F}"
	ProjectSection(SolutionItems) = preProject
		KillerWearsPrada\UML\GameController-Helper_Interaction.png = KillerWearsPrada\UML\GameController-Helper_Interaction.png
		KillerWearsPrada\UML\GameController-Model_Interaction.png = KillerWearsPrada\UML\GameController-Model_Interaction.png
		KillerWearsPrada\UML\KinectInterrogator-Helper_Interaction.png = KillerWearsPrada\UML\KinectInterrogator-Helper_Interaction.png
	EndProjectSection
EndProject
Global
	GlobalSection(SolutionConfigurationPlatforms) = preSolution
		Debug|Any CPU = Debug|Any CPU
		Esegui|Any CPU = Esegui|Any CPU
		Release|Any CPU = Release|Any CPU
	EndGlobalSection
	GlobalSection(ProjectConfigurationPlatforms) = postSolution
		{C46FAFB1-7165-4411-B23D-373A1A7FD239}.Debug|Any CPU.ActiveCfg = Debug|Any CPU
		{C46FAFB1-7165-4411-B23D-373A1A7FD239}.Debug|Any CPU.Build.0 = Debug|Any CPU
		{C46FAFB1-7165-4411-B23D-373A1A7FD239}.Esegui|Any CPU.ActiveCfg = Esegui|Any CPU
		{C46FAFB1-7165-4411-B23D-373A1A7FD239}.Esegui|Any CPU.Build.0 = Esegui|Any CPU
		{C46FAFB1-7165-4411-B23D-373A1A7FD239}.Release|Any CPU.ActiveCfg = Release|Any CPU
		{C46FAFB1-7165-4411-B23D-373A1A7FD239}.Release|Any CPU.Build.0 = Release|Any CPU
		{53F8C20E-740C-43A1-B8D4-F0C7C83AB21B}.Debug|Any CPU.ActiveCfg = Debug|Any CPU
		{53F8C20E-740C-43A1-B8D4-F0C7C83AB21B}.Debug|Any CPU.Build.0 = Debug|Any CPU
		{53F8C20E-740C-43A1-B8D4-F0C7C83AB21B}.Esegui|Any CPU.ActiveCfg = Release|Any CPU
		{53F8C20E-740C-43A1-B8D4-F0C7C83AB21B}.Esegui|Any CPU.Build.0 = Release|Any CPU
		{53F8C20E-740C-43A1-B8D4-F0C7C83AB21B}.Release|Any CPU.ActiveCfg = Release|Any CPU
		{53F8C20E-740C-43A1-B8D4-F0C7C83AB21B}.Release|Any CPU.Build.0 = Release|Any CPU
	EndGlobalSection
	GlobalSection(SolutionProperties) = preSolution
		HideSolutionNode = FALSE
	EndGlobalSection
	GlobalSection(NestedProjects) = preSolution
		{71D66EBD-2ED8-4FF8-AAF4-CA21BDD5CA19} = {5622C086-9192-499D-AC42-B464C38C38E6}
		{233643F2-8BF4-4768-9B66-0EFCC88EF1C6} = {5622C086-9192-499D-AC42-B464C38C38E6}
		{CAC4F376-C63A-46E4-9CDB-59BAA9D37EE4} = {5622C086-9192-499D-AC42-B464C38C38E6}
		{A403A83C-CF18-4388-A21B-696DA69AD4F2} = {5622C086-9192-499D-AC42-B464C38C38E6}
		{548071FA-4338-435E-871E-AB7E99B29A16} = {5622C086-9192-499D-AC42-B464C38C38E6}
		{7567AE2B-B98D-4D28-B93C-355DEAAC4ABF} = {A403A83C-CF18-4388-A21B-696DA69AD4F2}
		{9A463ED8-84C8-4D1A-8F82-D4E883927DC8} = {A403A83C-CF18-4388-A21B-696DA69AD4F2}
		{37CC66B0-6BAF-4066-8AB7-FCDF617C822F} = {A403A83C-CF18-4388-A21B-696DA69AD4F2}
		{53F8C20E-740C-43A1-B8D4-F0C7C83AB21B} = {A795DBCC-8BCA-40EC-91BE-6FE1894DCEB1}
		{3E0C3F2D-0E25-4CBA-936A-0E09A22FE33F} = {A795DBCC-8BCA-40EC-91BE-6FE1894DCEB1}
	EndGlobalSection
EndGlobal
