
Microsoft Visual Studio Solution File, Format Version 12.00
# Visual Studio 14
VisualStudioVersion = 14.0.24720.0
MinimumVisualStudioVersion = 10.0.40219.1
Project("{FAE04EC0-301F-11D3-BF4B-00C04F79EFBC}") = "KillerWearsPrada", "KillerWearsPrada\KillerWearsPrada.csproj", "{C46FAFB1-7165-4411-B23D-373A1A7FD239}"
EndProject
Project("{2150E333-8FDC-42A3-9474-1A3956D46DE8}") = "DB_Test", "DB_Test", "{6FCC341C-3CA7-4690-97AA-273F1A10B41E}"
	ProjectSection(SolutionItems) = preProject
		KillerWearsPrada\DB_Test\KWP_DB_Test.ldb = KillerWearsPrada\DB_Test\KWP_DB_Test.ldb
		KillerWearsPrada\DB_Test\KWP_DB_Test.mdb = KillerWearsPrada\DB_Test\KWP_DB_Test.mdb
	EndProjectSection
EndProject
Project("{2150E333-8FDC-42A3-9474-1A3956D46DE8}") = "Images", "Images", "{5622C086-9192-499D-AC42-B464C38C38E6}"
	ProjectSection(SolutionItems) = preProject
		KillerWearsPrada\Images\Application_Start.png = KillerWearsPrada\Images\Application_Start.png
		KillerWearsPrada\Images\bedroom1.jpg = KillerWearsPrada\Images\bedroom1.jpg
		KillerWearsPrada\Images\blood_knife.jpg = KillerWearsPrada\Images\blood_knife.jpg
		KillerWearsPrada\Images\crime-scene-silhouette.jpg = KillerWearsPrada\Images\crime-scene-silhouette.jpg
		KillerWearsPrada\Images\doorCENTERdisabled.png = KillerWearsPrada\Images\doorCENTERdisabled.png
		KillerWearsPrada\Images\doorCENTERok.png = KillerWearsPrada\Images\doorCENTERok.png
		KillerWearsPrada\Images\doorDXdisabled.png = KillerWearsPrada\Images\doorDXdisabled.png
		KillerWearsPrada\Images\doorDXok.png = KillerWearsPrada\Images\doorDXok.png
		KillerWearsPrada\Images\doors3empty1.jpg = KillerWearsPrada\Images\doors3empty1.jpg
		KillerWearsPrada\Images\doorSXdisabled.png = KillerWearsPrada\Images\doorSXdisabled.png
		KillerWearsPrada\Images\doorSXok.png = KillerWearsPrada\Images\doorSXok.png
		KillerWearsPrada\Images\grey4.jpg = KillerWearsPrada\Images\grey4.jpg
		KillerWearsPrada\Images\hat_1meleOk.png = KillerWearsPrada\Images\hat_1meleOk.png
		KillerWearsPrada\Images\hat_2tablebluOk.png = KillerWearsPrada\Images\hat_2tablebluOk.png
		KillerWearsPrada\Images\hat_3tablewhiteOk.png = KillerWearsPrada\Images\hat_3tablewhiteOk.png
		KillerWearsPrada\Images\hat_4marmoOk.png = KillerWearsPrada\Images\hat_4marmoOk.png
		KillerWearsPrada\Images\hat_5antaOk.png = KillerWearsPrada\Images\hat_5antaOk.png
		KillerWearsPrada\Images\hat_6sediaOk.png = KillerWearsPrada\Images\hat_6sediaOk.png
		KillerWearsPrada\Images\Investigation.jpg = KillerWearsPrada\Images\Investigation.jpg
		KillerWearsPrada\Images\kitchen1.jpg = KillerWearsPrada\Images\kitchen1.jpg
		KillerWearsPrada\Images\livingroom1.jpg = KillerWearsPrada\Images\livingroom1.jpg
		KillerWearsPrada\Images\panta_1divanoOk.png = KillerWearsPrada\Images\panta_1divanoOk.png
		KillerWearsPrada\Images\panta_3tableOk.png = KillerWearsPrada\Images\panta_3tableOk.png
		KillerWearsPrada\Images\pergamena1.png = KillerWearsPrada\Images\pergamena1.png
		KillerWearsPrada\Images\shirt_3bedOk.png = KillerWearsPrada\Images\shirt_3bedOk.png
		KillerWearsPrada\Images\shirt_4armadiofuoriOk.png = KillerWearsPrada\Images\shirt_4armadiofuoriOk.png
		KillerWearsPrada\Images\start.png = KillerWearsPrada\Images\start.png
		KillerWearsPrada\Images\startover.png = KillerWearsPrada\Images\startover.png
		KillerWearsPrada\Images\startpressed.png = KillerWearsPrada\Images\startpressed.png
		KillerWearsPrada\Images\trashEmpty.png = KillerWearsPrada\Images\trashEmpty.png
		KillerWearsPrada\Images\welcome0.png = KillerWearsPrada\Images\welcome0.png
	EndProjectSection
EndProject
Project("{2150E333-8FDC-42A3-9474-1A3956D46DE8}") = "textures", "textures", "{71D66EBD-2ED8-4FF8-AAF4-CA21BDD5CA19}"
	ProjectSection(SolutionItems) = preProject
		KillerWearsPrada\Images\textures\black.jpg = KillerWearsPrada\Images\textures\black.jpg
		KillerWearsPrada\Images\textures\blueTartan.jpg = KillerWearsPrada\Images\textures\blueTartan.jpg
		KillerWearsPrada\Images\textures\darkBlue.jpg = KillerWearsPrada\Images\textures\darkBlue.jpg
		KillerWearsPrada\Images\textures\darkBrown.jpg = KillerWearsPrada\Images\textures\darkBrown.jpg
		KillerWearsPrada\Images\textures\darkGreen.jpg = KillerWearsPrada\Images\textures\darkGreen.jpg
		KillerWearsPrada\Images\textures\darkRed.jpg = KillerWearsPrada\Images\textures\darkRed.jpg
		KillerWearsPrada\Images\textures\flowersBlack.png = KillerWearsPrada\Images\textures\flowersBlack.png
		KillerWearsPrada\Images\textures\flowersBlueDark.png = KillerWearsPrada\Images\textures\flowersBlueDark.png
		KillerWearsPrada\Images\textures\flowersBlueLight.png = KillerWearsPrada\Images\textures\flowersBlueLight.png
		KillerWearsPrada\Images\textures\flowersBrownDark.png = KillerWearsPrada\Images\textures\flowersBrownDark.png
		KillerWearsPrada\Images\textures\flowersBrownLight.png = KillerWearsPrada\Images\textures\flowersBrownLight.png
		KillerWearsPrada\Images\textures\flowersGreenDark.png = KillerWearsPrada\Images\textures\flowersGreenDark.png
		KillerWearsPrada\Images\textures\flowersGreenLight.png = KillerWearsPrada\Images\textures\flowersGreenLight.png
		KillerWearsPrada\Images\textures\flowersPurpleDark.png = KillerWearsPrada\Images\textures\flowersPurpleDark.png
		KillerWearsPrada\Images\textures\flowersPurpleLight.png = KillerWearsPrada\Images\textures\flowersPurpleLight.png
		KillerWearsPrada\Images\textures\flowersRedDark.png = KillerWearsPrada\Images\textures\flowersRedDark.png
		KillerWearsPrada\Images\textures\flowersRedLight.png = KillerWearsPrada\Images\textures\flowersRedLight.png
		KillerWearsPrada\Images\textures\flowersWhite.png = KillerWearsPrada\Images\textures\flowersWhite.png
		KillerWearsPrada\Images\textures\flowersYellowDark.png = KillerWearsPrada\Images\textures\flowersYellowDark.png
		KillerWearsPrada\Images\textures\flowersYellowLight.png = KillerWearsPrada\Images\textures\flowersYellowLight.png
		KillerWearsPrada\Images\textures\greenPois.jpg = KillerWearsPrada\Images\textures\greenPois.jpg
		KillerWearsPrada\Images\textures\grey.jpg = KillerWearsPrada\Images\textures\grey.jpg
		KillerWearsPrada\Images\textures\lightBlue.jpg = KillerWearsPrada\Images\textures\lightBlue.jpg
		KillerWearsPrada\Images\textures\lightBrown.jpg = KillerWearsPrada\Images\textures\lightBrown.jpg
		KillerWearsPrada\Images\textures\lightGreen.jpg = KillerWearsPrada\Images\textures\lightGreen.jpg
		KillerWearsPrada\Images\textures\pink.jpg = KillerWearsPrada\Images\textures\pink.jpg
		KillerWearsPrada\Images\textures\poisBlack.jpg = KillerWearsPrada\Images\textures\poisBlack.jpg
		KillerWearsPrada\Images\textures\poisBlueLight.jpg = KillerWearsPrada\Images\textures\poisBlueLight.jpg
		KillerWearsPrada\Images\textures\poisBrownDark.jpg = KillerWearsPrada\Images\textures\poisBrownDark.jpg
		KillerWearsPrada\Images\textures\poisBrownLight.jpg = KillerWearsPrada\Images\textures\poisBrownLight.jpg
		KillerWearsPrada\Images\textures\poisDarkBlue.jpg = KillerWearsPrada\Images\textures\poisDarkBlue.jpg
		KillerWearsPrada\Images\textures\poisGreenDark.jpg = KillerWearsPrada\Images\textures\poisGreenDark.jpg
		KillerWearsPrada\Images\textures\poisGreenLight.jpg = KillerWearsPrada\Images\textures\poisGreenLight.jpg
		KillerWearsPrada\Images\textures\poisPurpleDark.jpg = KillerWearsPrada\Images\textures\poisPurpleDark.jpg
		KillerWearsPrada\Images\textures\poisPurpleLight.jpg = KillerWearsPrada\Images\textures\poisPurpleLight.jpg
		KillerWearsPrada\Images\textures\poisRedDark.jpg = KillerWearsPrada\Images\textures\poisRedDark.jpg
		KillerWearsPrada\Images\textures\poisRedLIght.jpg = KillerWearsPrada\Images\textures\poisRedLIght.jpg
		KillerWearsPrada\Images\textures\poisWhite.jpg = KillerWearsPrada\Images\textures\poisWhite.jpg
		KillerWearsPrada\Images\textures\poisYellowDark.jpg = KillerWearsPrada\Images\textures\poisYellowDark.jpg
		KillerWearsPrada\Images\textures\poisYellowLight.jpg = KillerWearsPrada\Images\textures\poisYellowLight.jpg
		KillerWearsPrada\Images\textures\purple.jpg = KillerWearsPrada\Images\textures\purple.jpg
		KillerWearsPrada\Images\textures\purpleDark.png = KillerWearsPrada\Images\textures\purpleDark.png
		KillerWearsPrada\Images\textures\purpleLight.png = KillerWearsPrada\Images\textures\purpleLight.png
		KillerWearsPrada\Images\textures\redLight.png = KillerWearsPrada\Images\textures\redLight.png
		KillerWearsPrada\Images\textures\redTartan.jpg = KillerWearsPrada\Images\textures\redTartan.jpg
		KillerWearsPrada\Images\textures\redYellowFlowers.jpg = KillerWearsPrada\Images\textures\redYellowFlowers.jpg
		KillerWearsPrada\Images\textures\scottishBlack.png = KillerWearsPrada\Images\textures\scottishBlack.png
		KillerWearsPrada\Images\textures\scottishBrownDark.jpg = KillerWearsPrada\Images\textures\scottishBrownDark.jpg
		KillerWearsPrada\Images\textures\scottishBrownLight.jpg = KillerWearsPrada\Images\textures\scottishBrownLight.jpg
		KillerWearsPrada\Images\textures\scottishGreen.jpg = KillerWearsPrada\Images\textures\scottishGreen.jpg
		KillerWearsPrada\Images\textures\scottishGreenLight.jpg = KillerWearsPrada\Images\textures\scottishGreenLight.jpg
		KillerWearsPrada\Images\textures\scottishLightBlue.jpg = KillerWearsPrada\Images\textures\scottishLightBlue.jpg
		KillerWearsPrada\Images\textures\scottishLightRed.jpg = KillerWearsPrada\Images\textures\scottishLightRed.jpg
		KillerWearsPrada\Images\textures\scottishPurpleDark.jpg = KillerWearsPrada\Images\textures\scottishPurpleDark.jpg
		KillerWearsPrada\Images\textures\scottishPurpleLight.jpg = KillerWearsPrada\Images\textures\scottishPurpleLight.jpg
		KillerWearsPrada\Images\textures\scottishWhite.jpg = KillerWearsPrada\Images\textures\scottishWhite.jpg
		KillerWearsPrada\Images\textures\scottishYellowDark.png = KillerWearsPrada\Images\textures\scottishYellowDark.png
		KillerWearsPrada\Images\textures\scottishYellowLight.jpg = KillerWearsPrada\Images\textures\scottishYellowLight.jpg
		KillerWearsPrada\Images\textures\stripesBlack.png = KillerWearsPrada\Images\textures\stripesBlack.png
		KillerWearsPrada\Images\textures\stripesBrownDark.png = KillerWearsPrada\Images\textures\stripesBrownDark.png
		KillerWearsPrada\Images\textures\stripesBrownLight.png = KillerWearsPrada\Images\textures\stripesBrownLight.png
		KillerWearsPrada\Images\textures\stripesDarkGreen.png = KillerWearsPrada\Images\textures\stripesDarkGreen.png
		KillerWearsPrada\Images\textures\stripesDrakBlue.jpg = KillerWearsPrada\Images\textures\stripesDrakBlue.jpg
		KillerWearsPrada\Images\textures\stripesLightBlue.jpg = KillerWearsPrada\Images\textures\stripesLightBlue.jpg
		KillerWearsPrada\Images\textures\stripesLightGreen.png = KillerWearsPrada\Images\textures\stripesLightGreen.png
		KillerWearsPrada\Images\textures\stripesPurpleDark.png = KillerWearsPrada\Images\textures\stripesPurpleDark.png
		KillerWearsPrada\Images\textures\stripesPurpleLight.png = KillerWearsPrada\Images\textures\stripesPurpleLight.png
		KillerWearsPrada\Images\textures\stripesRedDark.png = KillerWearsPrada\Images\textures\stripesRedDark.png
		KillerWearsPrada\Images\textures\stripesRedLight.png = KillerWearsPrada\Images\textures\stripesRedLight.png
		KillerWearsPrada\Images\textures\stripesWhite.png = KillerWearsPrada\Images\textures\stripesWhite.png
		KillerWearsPrada\Images\textures\stripesYellowDark.png = KillerWearsPrada\Images\textures\stripesYellowDark.png
		KillerWearsPrada\Images\textures\stripesYellowLight.png = KillerWearsPrada\Images\textures\stripesYellowLight.png
		KillerWearsPrada\Images\textures\white.jpg = KillerWearsPrada\Images\textures\white.jpg
		KillerWearsPrada\Images\textures\yellow.jpg = KillerWearsPrada\Images\textures\yellow.jpg
		KillerWearsPrada\Images\textures\yellowDark.png = KillerWearsPrada\Images\textures\yellowDark.png
		KillerWearsPrada\Images\textures\yellowLight.png = KillerWearsPrada\Images\textures\yellowLight.png
	EndProjectSection
EndProject
Project("{2150E333-8FDC-42A3-9474-1A3956D46DE8}") = "ItemsImages", "ItemsImages", "{233643F2-8BF4-4768-9B66-0EFCC88EF1C6}"
	ProjectSection(SolutionItems) = preProject
		KillerWearsPrada\Images\itemsImages\image.jpg = KillerWearsPrada\Images\itemsImages\image.jpg
		KillerWearsPrada\Images\itemsImages\image1.jpg = KillerWearsPrada\Images\itemsImages\image1.jpg
		KillerWearsPrada\Images\itemsImages\image10.jpg = KillerWearsPrada\Images\itemsImages\image10.jpg
		KillerWearsPrada\Images\itemsImages\image11.jpg = KillerWearsPrada\Images\itemsImages\image11.jpg
		KillerWearsPrada\Images\itemsImages\image12.jpg = KillerWearsPrada\Images\itemsImages\image12.jpg
		KillerWearsPrada\Images\itemsImages\image121.jpg = KillerWearsPrada\Images\itemsImages\image121.jpg
		KillerWearsPrada\Images\itemsImages\image127.jpg = KillerWearsPrada\Images\itemsImages\image127.jpg
		KillerWearsPrada\Images\itemsImages\image13.jpg = KillerWearsPrada\Images\itemsImages\image13.jpg
		KillerWearsPrada\Images\itemsImages\image15.jpg = KillerWearsPrada\Images\itemsImages\image15.jpg
		KillerWearsPrada\Images\itemsImages\image16.jpg = KillerWearsPrada\Images\itemsImages\image16.jpg
		KillerWearsPrada\Images\itemsImages\image17.jpg = KillerWearsPrada\Images\itemsImages\image17.jpg
		KillerWearsPrada\Images\itemsImages\image18.jpg = KillerWearsPrada\Images\itemsImages\image18.jpg
		KillerWearsPrada\Images\itemsImages\image19.jpeg = KillerWearsPrada\Images\itemsImages\image19.jpeg
		KillerWearsPrada\Images\itemsImages\image2.jpg = KillerWearsPrada\Images\itemsImages\image2.jpg
		KillerWearsPrada\Images\itemsImages\image20.jpg = KillerWearsPrada\Images\itemsImages\image20.jpg
		KillerWearsPrada\Images\itemsImages\image21.jpg = KillerWearsPrada\Images\itemsImages\image21.jpg
		KillerWearsPrada\Images\itemsImages\image22.jpeg = KillerWearsPrada\Images\itemsImages\image22.jpeg
		KillerWearsPrada\Images\itemsImages\image23.jpg = KillerWearsPrada\Images\itemsImages\image23.jpg
		KillerWearsPrada\Images\itemsImages\image24.jpeg = KillerWearsPrada\Images\itemsImages\image24.jpeg
		KillerWearsPrada\Images\itemsImages\image25.jpg = KillerWearsPrada\Images\itemsImages\image25.jpg
		KillerWearsPrada\Images\itemsImages\image26.jpg = KillerWearsPrada\Images\itemsImages\image26.jpg
		KillerWearsPrada\Images\itemsImages\image27.jpg = KillerWearsPrada\Images\itemsImages\image27.jpg
		KillerWearsPrada\Images\itemsImages\image28.jpeg = KillerWearsPrada\Images\itemsImages\image28.jpeg
		KillerWearsPrada\Images\itemsImages\image29.jpg = KillerWearsPrada\Images\itemsImages\image29.jpg
		KillerWearsPrada\Images\itemsImages\image3.jpg = KillerWearsPrada\Images\itemsImages\image3.jpg
		KillerWearsPrada\Images\itemsImages\image30.JPG = KillerWearsPrada\Images\itemsImages\image30.JPG
		KillerWearsPrada\Images\itemsImages\image31.jpg = KillerWearsPrada\Images\itemsImages\image31.jpg
		KillerWearsPrada\Images\itemsImages\image32.jpg = KillerWearsPrada\Images\itemsImages\image32.jpg
		KillerWearsPrada\Images\itemsImages\image33.jpg = KillerWearsPrada\Images\itemsImages\image33.jpg
		KillerWearsPrada\Images\itemsImages\image34.jpeg = KillerWearsPrada\Images\itemsImages\image34.jpeg
		KillerWearsPrada\Images\itemsImages\image35.jpg = KillerWearsPrada\Images\itemsImages\image35.jpg
		KillerWearsPrada\Images\itemsImages\image36.jpg = KillerWearsPrada\Images\itemsImages\image36.jpg
		KillerWearsPrada\Images\itemsImages\image37.jpg = KillerWearsPrada\Images\itemsImages\image37.jpg
		KillerWearsPrada\Images\itemsImages\image38.jpg = KillerWearsPrada\Images\itemsImages\image38.jpg
		KillerWearsPrada\Images\itemsImages\image39.jpg = KillerWearsPrada\Images\itemsImages\image39.jpg
		KillerWearsPrada\Images\itemsImages\image4.jpeg = KillerWearsPrada\Images\itemsImages\image4.jpeg
		KillerWearsPrada\Images\itemsImages\image40.jpeg = KillerWearsPrada\Images\itemsImages\image40.jpeg
		KillerWearsPrada\Images\itemsImages\image41.jpg = KillerWearsPrada\Images\itemsImages\image41.jpg
		KillerWearsPrada\Images\itemsImages\image42.jpg = KillerWearsPrada\Images\itemsImages\image42.jpg
		KillerWearsPrada\Images\itemsImages\image43.jpg = KillerWearsPrada\Images\itemsImages\image43.jpg
		KillerWearsPrada\Images\itemsImages\image44.jpg = KillerWearsPrada\Images\itemsImages\image44.jpg
		KillerWearsPrada\Images\itemsImages\image45.jpg = KillerWearsPrada\Images\itemsImages\image45.jpg
		KillerWearsPrada\Images\itemsImages\image46.jpg = KillerWearsPrada\Images\itemsImages\image46.jpg
		KillerWearsPrada\Images\itemsImages\image47.jpeg = KillerWearsPrada\Images\itemsImages\image47.jpeg
		KillerWearsPrada\Images\itemsImages\image48.jpg = KillerWearsPrada\Images\itemsImages\image48.jpg
		KillerWearsPrada\Images\itemsImages\image49.jpg = KillerWearsPrada\Images\itemsImages\image49.jpg
		KillerWearsPrada\Images\itemsImages\image5.jpg = KillerWearsPrada\Images\itemsImages\image5.jpg
		KillerWearsPrada\Images\itemsImages\image50.jpg = KillerWearsPrada\Images\itemsImages\image50.jpg
		KillerWearsPrada\Images\itemsImages\image6.jpg = KillerWearsPrada\Images\itemsImages\image6.jpg
		KillerWearsPrada\Images\itemsImages\image68.jpg = KillerWearsPrada\Images\itemsImages\image68.jpg
		KillerWearsPrada\Images\itemsImages\image7.jpg = KillerWearsPrada\Images\itemsImages\image7.jpg
		KillerWearsPrada\Images\itemsImages\image71.jpg = KillerWearsPrada\Images\itemsImages\image71.jpg
		KillerWearsPrada\Images\itemsImages\image8.jpg = KillerWearsPrada\Images\itemsImages\image8.jpg
		KillerWearsPrada\Images\itemsImages\image9.jpeg = KillerWearsPrada\Images\itemsImages\image9.jpeg
		KillerWearsPrada\Images\itemsImages\imge14.jpg = KillerWearsPrada\Images\itemsImages\imge14.jpg
	EndProjectSection
EndProject
Project("{2150E333-8FDC-42A3-9474-1A3956D46DE8}") = "Masks", "Masks", "{CAC4F376-C63A-46E4-9CDB-59BAA9D37EE4}"
	ProjectSection(SolutionItems) = preProject
		KillerWearsPrada\Images\Masks\hat_1meleOk.png = KillerWearsPrada\Images\Masks\hat_1meleOk.png
		KillerWearsPrada\Images\Masks\hat_3tablewhiteOk.png = KillerWearsPrada\Images\Masks\hat_3tablewhiteOk.png
		KillerWearsPrada\Images\Masks\hat_6sediaOk.png = KillerWearsPrada\Images\Masks\hat_6sediaOk.png
		KillerWearsPrada\Images\Masks\panta_1divanoOkmask.png = KillerWearsPrada\Images\Masks\panta_1divanoOkmask.png
		KillerWearsPrada\Images\Masks\panta_3tableOkMask.png = KillerWearsPrada\Images\Masks\panta_3tableOkMask.png
		KillerWearsPrada\Images\Masks\shirt_1libriOk.png = KillerWearsPrada\Images\Masks\shirt_1libriOk.png
		KillerWearsPrada\Images\Masks\shirt_2muroOk.png = KillerWearsPrada\Images\Masks\shirt_2muroOk.png
		KillerWearsPrada\Images\Masks\shirt_3bedOkscalata.png = KillerWearsPrada\Images\Masks\shirt_3bedOkscalata.png
		KillerWearsPrada\Images\Masks\shirt_4armadiofuoriOkscalata.png = KillerWearsPrada\Images\Masks\shirt_4armadiofuoriOkscalata.png
		KillerWearsPrada\Images\Masks\shirt_5tappetoOk.png = KillerWearsPrada\Images\Masks\shirt_5tappetoOk.png
		KillerWearsPrada\Images\Masks\shirt_6armadioOk.png = KillerWearsPrada\Images\Masks\shirt_6armadioOk.png
	EndProjectSection
EndProject
Project("{2150E333-8FDC-42A3-9474-1A3956D46DE8}") = "Magick", "Magick", "{A403A83C-CF18-4388-A21B-696DA69AD4F2}"
EndProject
Project("{2150E333-8FDC-42A3-9474-1A3956D46DE8}") = "SketchesImages", "SketchesImages", "{548071FA-4338-435E-871E-AB7E99B29A16}"
EndProject
Project("{2150E333-8FDC-42A3-9474-1A3956D46DE8}") = "GhostscriptDirectory", "GhostscriptDirectory", "{7567AE2B-B98D-4D28-B93C-355DEAAC4ABF}"
EndProject
Project("{2150E333-8FDC-42A3-9474-1A3956D46DE8}") = "CacheDirectoryMagick", "CacheDirectoryMagick", "{9A463ED8-84C8-4D1A-8F82-D4E883927DC8}"
EndProject
Project("{2150E333-8FDC-42A3-9474-1A3956D46DE8}") = "TempDirectory", "TempDirectory", "{37CC66B0-6BAF-4066-8AB7-FCDF617C822F}"
EndProject
Global
	GlobalSection(SolutionConfigurationPlatforms) = preSolution
		Debug|Any CPU = Debug|Any CPU
		Esegui|Any CPU = Esegui|Any CPU
		Release|Any CPU = Release|Any CPU
	EndGlobalSection
	GlobalSection(ProjectConfigurationPlatforms) = postSolution
		{C46FAFB1-7165-4411-B23D-373A1A7FD239}.Debug|Any CPU.ActiveCfg = Debug|Any CPU
		{C46FAFB1-7165-4411-B23D-373A1A7FD239}.Debug|Any CPU.Build.0 = Debug|Any CPU
		{C46FAFB1-7165-4411-B23D-373A1A7FD239}.Esegui|Any CPU.ActiveCfg = Esegui|Any CPU
		{C46FAFB1-7165-4411-B23D-373A1A7FD239}.Esegui|Any CPU.Build.0 = Esegui|Any CPU
		{C46FAFB1-7165-4411-B23D-373A1A7FD239}.Release|Any CPU.ActiveCfg = Release|Any CPU
		{C46FAFB1-7165-4411-B23D-373A1A7FD239}.Release|Any CPU.Build.0 = Release|Any CPU
	EndGlobalSection
	GlobalSection(SolutionProperties) = preSolution
		HideSolutionNode = FALSE
	EndGlobalSection
	GlobalSection(NestedProjects) = preSolution
		{71D66EBD-2ED8-4FF8-AAF4-CA21BDD5CA19} = {5622C086-9192-499D-AC42-B464C38C38E6}
		{233643F2-8BF4-4768-9B66-0EFCC88EF1C6} = {5622C086-9192-499D-AC42-B464C38C38E6}
		{CAC4F376-C63A-46E4-9CDB-59BAA9D37EE4} = {5622C086-9192-499D-AC42-B464C38C38E6}
		{A403A83C-CF18-4388-A21B-696DA69AD4F2} = {5622C086-9192-499D-AC42-B464C38C38E6}
		{548071FA-4338-435E-871E-AB7E99B29A16} = {5622C086-9192-499D-AC42-B464C38C38E6}
		{7567AE2B-B98D-4D28-B93C-355DEAAC4ABF} = {A403A83C-CF18-4388-A21B-696DA69AD4F2}
		{9A463ED8-84C8-4D1A-8F82-D4E883927DC8} = {A403A83C-CF18-4388-A21B-696DA69AD4F2}
		{37CC66B0-6BAF-4066-8AB7-FCDF617C822F} = {A403A83C-CF18-4388-A21B-696DA69AD4F2}
	EndGlobalSection
EndGlobal
