
Microsoft Visual Studio Solution File, Format Version 12.00
# Visual Studio 14
VisualStudioVersion = 14.0.24720.0
MinimumVisualStudioVersion = 10.0.40219.1
Project("{FAE04EC0-301F-11D3-BF4B-00C04F79EFBC}") = "KillerWearsPrada", "KillerWearsPrada\KillerWearsPrada.csproj", "{C46FAFB1-7165-4411-B23D-373A1A7FD239}"
EndProject
Project("{2150E333-8FDC-42A3-9474-1A3956D46DE8}") = "DB_Test", "DB_Test", "{6FCC341C-3CA7-4690-97AA-273F1A10B41E}"
	ProjectSection(SolutionItems) = preProject
		KillerWearsPrada\DB_Test\KWP_DB_Test.ldb = KillerWearsPrada\DB_Test\KWP_DB_Test.ldb
		KillerWearsPrada\DB_Test\KWP_DB_Test.mdb = KillerWearsPrada\DB_Test\KWP_DB_Test.mdb
	EndProjectSection
EndProject
Project("{2150E333-8FDC-42A3-9474-1A3956D46DE8}") = "Images", "Images", "{5622C086-9192-499D-AC42-B464C38C38E6}"
	ProjectSection(SolutionItems) = preProject
		KillerWearsPrada\Images\Application_Start.png = KillerWearsPrada\Images\Application_Start.png
		KillerWearsPrada\Images\bedroom1.jpg = KillerWearsPrada\Images\bedroom1.jpg
		KillerWearsPrada\Images\doorCENTERok.png = KillerWearsPrada\Images\doorCENTERok.png
		KillerWearsPrada\Images\doorDXok.png = KillerWearsPrada\Images\doorDXok.png
		KillerWearsPrada\Images\doors3empty1.jpg = KillerWearsPrada\Images\doors3empty1.jpg
		KillerWearsPrada\Images\doorSXok.png = KillerWearsPrada\Images\doorSXok.png
		KillerWearsPrada\Images\kitchen1.jpg = KillerWearsPrada\Images\kitchen1.jpg
		KillerWearsPrada\Images\livingroom1.jpg = KillerWearsPrada\Images\livingroom1.jpg
	EndProjectSection
EndProject
Global
	GlobalSection(SolutionConfigurationPlatforms) = preSolution
		Debug|Any CPU = Debug|Any CPU
		Esegui|Any CPU = Esegui|Any CPU
		Release|Any CPU = Release|Any CPU
	EndGlobalSection
	GlobalSection(ProjectConfigurationPlatforms) = postSolution
		{C46FAFB1-7165-4411-B23D-373A1A7FD239}.Debug|Any CPU.ActiveCfg = Debug|Any CPU
		{C46FAFB1-7165-4411-B23D-373A1A7FD239}.Debug|Any CPU.Build.0 = Debug|Any CPU
		{C46FAFB1-7165-4411-B23D-373A1A7FD239}.Esegui|Any CPU.ActiveCfg = Esegui|Any CPU
		{C46FAFB1-7165-4411-B23D-373A1A7FD239}.Esegui|Any CPU.Build.0 = Esegui|Any CPU
		{C46FAFB1-7165-4411-B23D-373A1A7FD239}.Release|Any CPU.ActiveCfg = Release|Any CPU
		{C46FAFB1-7165-4411-B23D-373A1A7FD239}.Release|Any CPU.Build.0 = Release|Any CPU
	EndGlobalSection
	GlobalSection(SolutionProperties) = preSolution
		HideSolutionNode = FALSE
	EndGlobalSection
EndGlobal
